// !$*UTF8*$!
{
	archiveVersion = 1;
	classes = {
	};
	objectVersion = 50;
	objects = {

/* Begin PBXBuildFile section */
		7D0E427820BB5A7F0025A4AF /* kot.mp3 in Resources */ = {isa = PBXBuildFile; fileRef = 7D0E426920BB5A7E0025A4AF /* kot.mp3 */; };
		7D0E427920BB5A7F0025A4AF /* malpa.mp3 in Resources */ = {isa = PBXBuildFile; fileRef = 7D0E426A20BB5A7F0025A4AF /* malpa.mp3 */; };
		7D0E427A20BB5A7F0025A4AF /* swinia.mp3 in Resources */ = {isa = PBXBuildFile; fileRef = 7D0E426B20BB5A7F0025A4AF /* swinia.mp3 */; };
		7D0E427B20BB5A7F0025A4AF /* niedzwiedz.mp3 in Resources */ = {isa = PBXBuildFile; fileRef = 7D0E426C20BB5A7F0025A4AF /* niedzwiedz.mp3 */; };
		7D0E427C20BB5A7F0025A4AF /* kogut.mp3 in Resources */ = {isa = PBXBuildFile; fileRef = 7D0E426D20BB5A7F0025A4AF /* kogut.mp3 */; };
		7D0E427D20BB5A7F0025A4AF /* click.mp3 in Resources */ = {isa = PBXBuildFile; fileRef = 7D0E426E20BB5A7F0025A4AF /* click.mp3 */; };
		7D0E427E20BB5A7F0025A4AF /* owca.mp3 in Resources */ = {isa = PBXBuildFile; fileRef = 7D0E426F20BB5A7F0025A4AF /* owca.mp3 */; };
		7D0E427F20BB5A7F0025A4AF /* slon.mp3 in Resources */ = {isa = PBXBuildFile; fileRef = 7D0E427020BB5A7F0025A4AF /* slon.mp3 */; };
		7D0E428020BB5A7F0025A4AF /* zonk.mp3 in Resources */ = {isa = PBXBuildFile; fileRef = 7D0E427120BB5A7F0025A4AF /* zonk.mp3 */; };
		7D0E428120BB5A7F0025A4AF /* pies.mp3 in Resources */ = {isa = PBXBuildFile; fileRef = 7D0E427220BB5A7F0025A4AF /* pies.mp3 */; };
		7D0E428220BB5A7F0025A4AF /* zaba.mp3 in Resources */ = {isa = PBXBuildFile; fileRef = 7D0E427320BB5A7F0025A4AF /* zaba.mp3 */; };
		7D0E428320BB5A7F0025A4AF /* krowa.mp3 in Resources */ = {isa = PBXBuildFile; fileRef = 7D0E427420BB5A7F0025A4AF /* krowa.mp3 */; };
		7D0E428420BB5A7F0025A4AF /* tygrys.mp3 in Resources */ = {isa = PBXBuildFile; fileRef = 7D0E427520BB5A7F0025A4AF /* tygrys.mp3 */; };
		7D0E428520BB5A7F0025A4AF /* lew.mp3 in Resources */ = {isa = PBXBuildFile; fileRef = 7D0E427620BB5A7F0025A4AF /* lew.mp3 */; };
		7D0E428620BB5A7F0025A4AF /* brawo.mp3 in Resources */ = {isa = PBXBuildFile; fileRef = 7D0E427720BB5A7F0025A4AF /* brawo.mp3 */; };
		7D0E428820BB5E130025A4AF /* EnergeticUpbeat.mp3 in Resources */ = {isa = PBXBuildFile; fileRef = 7D0E428720BB5E130025A4AF /* EnergeticUpbeat.mp3 */; };
		7D0E428A20BB6EBD0025A4AF /* kon.mp3 in Resources */ = {isa = PBXBuildFile; fileRef = 7D0E428920BB6EBD0025A4AF /* kon.mp3 */; };
		7DCDBA6620B74C0A00305E15 /* AppDelegate.swift in Sources */ = {isa = PBXBuildFile; fileRef = 7DCDBA6520B74C0A00305E15 /* AppDelegate.swift */; };
		7DCDBA6820B74C0A00305E15 /* ViewController.swift in Sources */ = {isa = PBXBuildFile; fileRef = 7DCDBA6720B74C0A00305E15 /* ViewController.swift */; };
		7DCDBA6B20B74C0A00305E15 /* Main.storyboard in Resources */ = {isa = PBXBuildFile; fileRef = 7DCDBA6920B74C0A00305E15 /* Main.storyboard */; };
		7DCDBA6D20B74C0B00305E15 /* Assets.xcassets in Resources */ = {isa = PBXBuildFile; fileRef = 7DCDBA6C20B74C0B00305E15 /* Assets.xcassets */; };
		7DCDBA7020B74C0B00305E15 /* LaunchScreen.storyboard in Resources */ = {isa = PBXBuildFile; fileRef = 7DCDBA6E20B74C0B00305E15 /* LaunchScreen.storyboard */; };
/* End PBXBuildFile section */

/* Begin PBXFileReference section */
		7D0E426920BB5A7E0025A4AF /* kot.mp3 */ = {isa = PBXFileReference; lastKnownFileType = audio.mp3; path = kot.mp3; sourceTree = "<group>"; };
		7D0E426A20BB5A7F0025A4AF /* malpa.mp3 */ = {isa = PBXFileReference; lastKnownFileType = audio.mp3; path = malpa.mp3; sourceTree = "<group>"; };
		7D0E426B20BB5A7F0025A4AF /* swinia.mp3 */ = {isa = PBXFileReference; lastKnownFileType = audio.mp3; path = swinia.mp3; sourceTree = "<group>"; };
		7D0E426C20BB5A7F0025A4AF /* niedzwiedz.mp3 */ = {isa = PBXFileReference; lastKnownFileType = audio.mp3; path = niedzwiedz.mp3; sourceTree = "<group>"; };
		7D0E426D20BB5A7F0025A4AF /* kogut.mp3 */ = {isa = PBXFileReference; lastKnownFileType = audio.mp3; path = kogut.mp3; sourceTree = "<group>"; };
		7D0E426E20BB5A7F0025A4AF /* click.mp3 */ = {isa = PBXFileReference; lastKnownFileType = audio.mp3; path = click.mp3; sourceTree = "<group>"; };
		7D0E426F20BB5A7F0025A4AF /* owca.mp3 */ = {isa = PBXFileReference; lastKnownFileType = audio.mp3; path = owca.mp3; sourceTree = "<group>"; };
		7D0E427020BB5A7F0025A4AF /* slon.mp3 */ = {isa = PBXFileReference; lastKnownFileType = audio.mp3; path = slon.mp3; sourceTree = "<group>"; };
		7D0E427120BB5A7F0025A4AF /* zonk.mp3 */ = {isa = PBXFileReference; lastKnownFileType = audio.mp3; path = zonk.mp3; sourceTree = "<group>"; };
		7D0E427220BB5A7F0025A4AF /* pies.mp3 */ = {isa = PBXFileReference; lastKnownFileType = audio.mp3; path = pies.mp3; sourceTree = "<group>"; };
		7D0E427320BB5A7F0025A4AF /* zaba.mp3 */ = {isa = PBXFileReference; lastKnownFileType = audio.mp3; path = zaba.mp3; sourceTree = "<group>"; };
		7D0E427420BB5A7F0025A4AF /* krowa.mp3 */ = {isa = PBXFileReference; lastKnownFileType = audio.mp3; path = krowa.mp3; sourceTree = "<group>"; };
		7D0E427520BB5A7F0025A4AF /* tygrys.mp3 */ = {isa = PBXFileReference; lastKnownFileType = audio.mp3; path = tygrys.mp3; sourceTree = "<group>"; };
		7D0E427620BB5A7F0025A4AF /* lew.mp3 */ = {isa = PBXFileReference; lastKnownFileType = audio.mp3; path = lew.mp3; sourceTree = "<group>"; };
		7D0E427720BB5A7F0025A4AF /* brawo.mp3 */ = {isa = PBXFileReference; lastKnownFileType = audio.mp3; path = brawo.mp3; sourceTree = "<group>"; };
		7D0E428720BB5E130025A4AF /* EnergeticUpbeat.mp3 */ = {isa = PBXFileReference; lastKnownFileType = audio.mp3; path = EnergeticUpbeat.mp3; sourceTree = "<group>"; };
		7D0E428920BB6EBD0025A4AF /* kon.mp3 */ = {isa = PBXFileReference; lastKnownFileType = audio.mp3; path = kon.mp3; sourceTree = "<group>"; };
		7DCDBA6220B74C0A00305E15 /* GetAnimals.app */ = {isa = PBXFileReference; explicitFileType = wrapper.application; includeInIndex = 0; path = GetAnimals.app; sourceTree = BUILT_PRODUCTS_DIR; };
		7DCDBA6520B74C0A00305E15 /* AppDelegate.swift */ = {isa = PBXFileReference; lastKnownFileType = sourcecode.swift; path = AppDelegate.swift; sourceTree = "<group>"; };
		7DCDBA6720B74C0A00305E15 /* ViewController.swift */ = {isa = PBXFileReference; lastKnownFileType = sourcecode.swift; path = ViewController.swift; sourceTree = "<group>"; };
		7DCDBA6A20B74C0A00305E15 /* Base */ = {isa = PBXFileReference; lastKnownFileType = file.storyboard; name = Base; path = Base.lproj/Main.storyboard; sourceTree = "<group>"; };
		7DCDBA6C20B74C0B00305E15 /* Assets.xcassets */ = {isa = PBXFileReference; lastKnownFileType = folder.assetcatalog; path = Assets.xcassets; sourceTree = "<group>"; };
		7DCDBA6F20B74C0B00305E15 /* Base */ = {isa = PBXFileReference; lastKnownFileType = file.storyboard; name = Base; path = Base.lproj/LaunchScreen.storyboard; sourceTree = "<group>"; };
		7DCDBA7120B74C0B00305E15 /* Info.plist */ = {isa = PBXFileReference; lastKnownFileType = text.plist.xml; path = Info.plist; sourceTree = "<group>"; };
		7DCDBA7720B7569800305E15 /* Yellowtail-Regular (1).ttf */ = {isa = PBXFileReference; lastKnownFileType = file; path = "Yellowtail-Regular (1).ttf"; sourceTree = "<group>"; };
/* End PBXFileReference section */

/* Begin PBXFrameworksBuildPhase section */
		7DCDBA5F20B74C0A00305E15 /* Frameworks */ = {
			isa = PBXFrameworksBuildPhase;
			buildActionMask = 2147483647;
			files = (
			);
			runOnlyForDeploymentPostprocessing = 0;
		};
/* End PBXFrameworksBuildPhase section */

/* Begin PBXGroup section */
		7D0E426820BB5A690025A4AF /* sounds */ = {
			isa = PBXGroup;
			children = (
				7D0E428720BB5E130025A4AF /* EnergeticUpbeat.mp3 */,
				7D0E427720BB5A7F0025A4AF /* brawo.mp3 */,
				7D0E426E20BB5A7F0025A4AF /* click.mp3 */,
				7D0E426D20BB5A7F0025A4AF /* kogut.mp3 */,
				7D0E426920BB5A7E0025A4AF /* kot.mp3 */,
				7D0E427420BB5A7F0025A4AF /* krowa.mp3 */,
				7D0E427620BB5A7F0025A4AF /* lew.mp3 */,
				7D0E426A20BB5A7F0025A4AF /* malpa.mp3 */,
				7D0E426C20BB5A7F0025A4AF /* niedzwiedz.mp3 */,
				7D0E426F20BB5A7F0025A4AF /* owca.mp3 */,
				7D0E427220BB5A7F0025A4AF /* pies.mp3 */,
				7D0E427020BB5A7F0025A4AF /* slon.mp3 */,
				7D0E426B20BB5A7F0025A4AF /* swinia.mp3 */,
				7D0E427520BB5A7F0025A4AF /* tygrys.mp3 */,
				7D0E427320BB5A7F0025A4AF /* zaba.mp3 */,
				7D0E427120BB5A7F0025A4AF /* zonk.mp3 */,
				7D0E428920BB6EBD0025A4AF /* kon.mp3 */,
			);
			path = sounds;
			sourceTree = "<group>";
		};
		7DCDBA5920B74C0A00305E15 = {
			isa = PBXGroup;
			children = (
				7DCDBA6420B74C0A00305E15 /* GetAnimals */,
				7DCDBA6320B74C0A00305E15 /* Products */,
			);
			sourceTree = "<group>";
		};
		7DCDBA6320B74C0A00305E15 /* Products */ = {
			isa = PBXGroup;
			children = (
				7DCDBA6220B74C0A00305E15 /* GetAnimals.app */,
			);
			name = Products;
			sourceTree = "<group>";
		};
		7DCDBA6420B74C0A00305E15 /* GetAnimals */ = {
			isa = PBXGroup;
			children = (
				7D0E426820BB5A690025A4AF /* sounds */,
				7DCDBA6520B74C0A00305E15 /* AppDelegate.swift */,
				7DCDBA6720B74C0A00305E15 /* ViewController.swift */,
				7DCDBA6920B74C0A00305E15 /* Main.storyboard */,
				7DCDBA6C20B74C0B00305E15 /* Assets.xcassets */,
				7DCDBA6E20B74C0B00305E15 /* LaunchScreen.storyboard */,
				7DCDBA7720B7569800305E15 /* Yellowtail-Regular (1).ttf */,
				7DCDBA7120B74C0B00305E15 /* Info.plist */,
			);
			path = GetAnimals;
			sourceTree = "<group>";
		};
/* End PBXGroup section */

/* Begin PBXNativeTarget section */
		7DCDBA6120B74C0A00305E15 /* GetAnimals */ = {
			isa = PBXNativeTarget;
			buildConfigurationList = 7DCDBA7420B74C0B00305E15 /* Build configuration list for PBXNativeTarget "GetAnimals" */;
			buildPhases = (
				7DCDBA5E20B74C0A00305E15 /* Sources */,
				7DCDBA5F20B74C0A00305E15 /* Frameworks */,
				7DCDBA6020B74C0A00305E15 /* Resources */,
			);
			buildRules = (
			);
			dependencies = (
			);
			name = GetAnimals;
			productName = GetAnimals;
			productReference = 7DCDBA6220B74C0A00305E15 /* GetAnimals.app */;
			productType = "com.apple.product-type.application";
		};
/* End PBXNativeTarget section */

/* Begin PBXProject section */
		7DCDBA5A20B74C0A00305E15 /* Project object */ = {
			isa = PBXProject;
			attributes = {
				LastSwiftUpdateCheck = 0930;
				LastUpgradeCheck = 0930;
				ORGANIZATIONNAME = "Sebastian Strus";
				TargetAttributes = {
					7DCDBA6120B74C0A00305E15 = {
						CreatedOnToolsVersion = 9.3;
					};
				};
			};
			buildConfigurationList = 7DCDBA5D20B74C0A00305E15 /* Build configuration list for PBXProject "GetAnimals" */;
			compatibilityVersion = "Xcode 9.3";
			developmentRegion = en;
			hasScannedForEncodings = 0;
			knownRegions = (
				en,
				Base,
			);
			mainGroup = 7DCDBA5920B74C0A00305E15;
			productRefGroup = 7DCDBA6320B74C0A00305E15 /* Products */;
			projectDirPath = "";
			projectRoot = "";
			targets = (
				7DCDBA6120B74C0A00305E15 /* GetAnimals */,
			);
		};
/* End PBXProject section */

/* Begin PBXResourcesBuildPhase section */
		7DCDBA6020B74C0A00305E15 /* Resources */ = {
			isa = PBXResourcesBuildPhase;
			buildActionMask = 2147483647;
			files = (
				7D0E428320BB5A7F0025A4AF /* krowa.mp3 in Resources */,
				7D0E428A20BB6EBD0025A4AF /* kon.mp3 in Resources */,
				7D0E427F20BB5A7F0025A4AF /* slon.mp3 in Resources */,
				7D0E428620BB5A7F0025A4AF /* brawo.mp3 in Resources */,
				7D0E427D20BB5A7F0025A4AF /* click.mp3 in Resources */,
				7D0E428820BB5E130025A4AF /* EnergeticUpbeat.mp3 in Resources */,
				7D0E428120BB5A7F0025A4AF /* pies.mp3 in Resources */,
				7D0E427920BB5A7F0025A4AF /* malpa.mp3 in Resources */,
				7D0E427C20BB5A7F0025A4AF /* kogut.mp3 in Resources */,
				7D0E427A20BB5A7F0025A4AF /* swinia.mp3 in Resources */,
				7DCDBA7020B74C0B00305E15 /* LaunchScreen.storyboard in Resources */,
				7DCDBA6D20B74C0B00305E15 /* Assets.xcassets in Resources */,
				7D0E427E20BB5A7F0025A4AF /* owca.mp3 in Resources */,
				7D0E428420BB5A7F0025A4AF /* tygrys.mp3 in Resources */,
				7D0E428020BB5A7F0025A4AF /* zonk.mp3 in Resources */,
				7DCDBA6B20B74C0A00305E15 /* Main.storyboard in Resources */,
				7D0E427820BB5A7F0025A4AF /* kot.mp3 in Resources */,
				7D0E428220BB5A7F0025A4AF /* zaba.mp3 in Resources */,
				7D0E428520BB5A7F0025A4AF /* lew.mp3 in Resources */,
				7D0E427B20BB5A7F0025A4AF /* niedzwiedz.mp3 in Resources */,
			);
			runOnlyForDeploymentPostprocessing = 0;
		};
/* End PBXResourcesBuildPhase section */

/* Begin PBXSourcesBuildPhase section */
		7DCDBA5E20B74C0A00305E15 /* Sources */ = {
			isa = PBXSourcesBuildPhase;
			buildActionMask = 2147483647;
			files = (
				7DCDBA6820B74C0A00305E15 /* ViewController.swift in Sources */,
				7DCDBA6620B74C0A00305E15 /* AppDelegate.swift in Sources */,
			);
			runOnlyForDeploymentPostprocessing = 0;
		};
/* End PBXSourcesBuildPhase section */

/* Begin PBXVariantGroup section */
		7DCDBA6920B74C0A00305E15 /* Main.storyboard */ = {
			isa = PBXVariantGroup;
			children = (
				7DCDBA6A20B74C0A00305E15 /* Base */,
			);
			name = Main.storyboard;
			sourceTree = "<group>";
		};
		7DCDBA6E20B74C0B00305E15 /* LaunchScreen.storyboard */ = {
			isa = PBXVariantGroup;
			children = (
				7DCDBA6F20B74C0B00305E15 /* Base */,
			);
			name = LaunchScreen.storyboard;
			sourceTree = "<group>";
		};
/* End PBXVariantGroup section */

/* Begin XCBuildConfiguration section */
		7DCDBA7220B74C0B00305E15 /* Debug */ = {
			isa = XCBuildConfiguration;
			buildSettings = {
				ALWAYS_SEARCH_USER_PATHS = NO;
				CLANG_ANALYZER_NONNULL = YES;
				CLANG_ANALYZER_NUMBER_OBJECT_CONVERSION = YES_AGGRESSIVE;
				CLANG_CXX_LANGUAGE_STANDARD = "gnu++14";
				CLANG_CXX_LIBRARY = "libc++";
				CLANG_ENABLE_MODULES = YES;
				CLANG_ENABLE_OBJC_ARC = YES;
				CLANG_ENABLE_OBJC_WEAK = YES;
				CLANG_WARN_BLOCK_CAPTURE_AUTORELEASING = YES;
				CLANG_WARN_BOOL_CONVERSION = YES;
				CLANG_WARN_COMMA = YES;
				CLANG_WARN_CONSTANT_CONVERSION = YES;
				CLANG_WARN_DEPRECATED_OBJC_IMPLEMENTATIONS = YES;
				CLANG_WARN_DIRECT_OBJC_ISA_USAGE = YES_ERROR;
				CLANG_WARN_DOCUMENTATION_COMMENTS = YES;
				CLANG_WARN_EMPTY_BODY = YES;
				CLANG_WARN_ENUM_CONVERSION = YES;
				CLANG_WARN_INFINITE_RECURSION = YES;
				CLANG_WARN_INT_CONVERSION = YES;
				CLANG_WARN_NON_LITERAL_NULL_CONVERSION = YES;
				CLANG_WARN_OBJC_IMPLICIT_RETAIN_SELF = YES;
				CLANG_WARN_OBJC_LITERAL_CONVERSION = YES;
				CLANG_WARN_OBJC_ROOT_CLASS = YES_ERROR;
				CLANG_WARN_RANGE_LOOP_ANALYSIS = YES;
				CLANG_WARN_STRICT_PROTOTYPES = YES;
				CLANG_WARN_SUSPICIOUS_MOVE = YES;
				CLANG_WARN_UNGUARDED_AVAILABILITY = YES_AGGRESSIVE;
				CLANG_WARN_UNREACHABLE_CODE = YES;
				CLANG_WARN__DUPLICATE_METHOD_MATCH = YES;
				CODE_SIGN_IDENTITY = "iPhone Developer";
				COPY_PHASE_STRIP = NO;
				DEBUG_INFORMATION_FORMAT = dwarf;
				ENABLE_STRICT_OBJC_MSGSEND = YES;
				ENABLE_TESTABILITY = YES;
				GCC_C_LANGUAGE_STANDARD = gnu11;
				GCC_DYNAMIC_NO_PIC = NO;
				GCC_NO_COMMON_BLOCKS = YES;
				GCC_OPTIMIZATION_LEVEL = 0;
				GCC_PREPROCESSOR_DEFINITIONS = (
					"DEBUG=1",
					"$(inherited)",
				);
				GCC_WARN_64_TO_32_BIT_CONVERSION = YES;
				GCC_WARN_ABOUT_RETURN_TYPE = YES_ERROR;
				GCC_WARN_UNDECLARED_SELECTOR = YES;
				GCC_WARN_UNINITIALIZED_AUTOS = YES_AGGRESSIVE;
				GCC_WARN_UNUSED_FUNCTION = YES;
				GCC_WARN_UNUSED_VARIABLE = YES;
				IPHONEOS_DEPLOYMENT_TARGET = 11.3;
				MTL_ENABLE_DEBUG_INFO = YES;
				ONLY_ACTIVE_ARCH = YES;
				SDKROOT = iphoneos;
				SWIFT_ACTIVE_COMPILATION_CONDITIONS = DEBUG;
				SWIFT_OPTIMIZATION_LEVEL = "-Onone";
			};
			name = Debug;
		};
		7DCDBA7320B74C0B00305E15 /* Release */ = {
			isa = XCBuildConfiguration;
			buildSettings = {
				ALWAYS_SEARCH_USER_PATHS = NO;
				CLANG_ANALYZER_NONNULL = YES;
				CLANG_ANALYZER_NUMBER_OBJECT_CONVERSION = YES_AGGRESSIVE;
				CLANG_CXX_LANGUAGE_STANDARD = "gnu++14";
				CLANG_CXX_LIBRARY = "libc++";
				CLANG_ENABLE_MODULES = YES;
				CLANG_ENABLE_OBJC_ARC = YES;
				CLANG_ENABLE_OBJC_WEAK = YES;
				CLANG_WARN_BLOCK_CAPTURE_AUTORELEASING = YES;
				CLANG_WARN_BOOL_CONVERSION = YES;
				CLANG_WARN_COMMA = YES;
				CLANG_WARN_CONSTANT_CONVERSION = YES;
				CLANG_WARN_DEPRECATED_OBJC_IMPLEMENTATIONS = YES;
				CLANG_WARN_DIRECT_OBJC_ISA_USAGE = YES_ERROR;
				CLANG_WARN_DOCUMENTATION_COMMENTS = YES;
				CLANG_WARN_EMPTY_BODY = YES;
				CLANG_WARN_ENUM_CONVERSION = YES;
				CLANG_WARN_INFINITE_RECURSION = YES;
				CLANG_WARN_INT_CONVERSION = YES;
				CLANG_WARN_NON_LITERAL_NULL_CONVERSION = YES;
				CLANG_WARN_OBJC_IMPLICIT_RETAIN_SELF = YES;
				CLANG_WARN_OBJC_LITERAL_CONVERSION = YES;
				CLANG_WARN_OBJC_ROOT_CLASS = YES_ERROR;
				CLANG_WARN_RANGE_LOOP_ANALYSIS = YES;
				CLANG_WARN_STRICT_PROTOTYPES = YES;
				CLANG_WARN_SUSPICIOUS_MOVE = YES;
				CLANG_WARN_UNGUARDED_AVAILABILITY = YES_AGGRESSIVE;
				CLANG_WARN_UNREACHABLE_CODE = YES;
				CLANG_WARN__DUPLICATE_METHOD_MATCH = YES;
				CODE_SIGN_IDENTITY = "iPhone Developer";
				COPY_PHASE_STRIP = NO;
				DEBUG_INFORMATION_FORMAT = "dwarf-with-dsym";
				ENABLE_NS_ASSERTIONS = NO;
				ENABLE_STRICT_OBJC_MSGSEND = YES;
				GCC_C_LANGUAGE_STANDARD = gnu11;
				GCC_NO_COMMON_BLOCKS = YES;
				GCC_WARN_64_TO_32_BIT_CONVERSION = YES;
				GCC_WARN_ABOUT_RETURN_TYPE = YES_ERROR;
				GCC_WARN_UNDECLARED_SELECTOR = YES;
				GCC_WARN_UNINITIALIZED_AUTOS = YES_AGGRESSIVE;
				GCC_WARN_UNUSED_FUNCTION = YES;
				GCC_WARN_UNUSED_VARIABLE = YES;
				IPHONEOS_DEPLOYMENT_TARGET = 11.3;
				MTL_ENABLE_DEBUG_INFO = NO;
				SDKROOT = iphoneos;
				SWIFT_COMPILATION_MODE = wholemodule;
				SWIFT_OPTIMIZATION_LEVEL = "-O";
				VALIDATE_PRODUCT = YES;
			};
			name = Release;
		};
		7DCDBA7520B74C0B00305E15 /* Debug */ = {
			isa = XCBuildConfiguration;
			buildSettings = {
				ASSETCATALOG_COMPILER_APPICON_NAME = AppIcon;
				CODE_SIGN_STYLE = Automatic;
				DEVELOPMENT_TEAM = W475WK642J;
				INFOPLIST_FILE = GetAnimals/Info.plist;
				LD_RUNPATH_SEARCH_PATHS = (
					"$(inherited)",
					"@executable_path/Frameworks",
				);
				PRODUCT_BUNDLE_IDENTIFIER = com.openSolution.ismpEnterprise;
				PRODUCT_NAME = "$(TARGET_NAME)";
				SWIFT_VERSION = 4.0;
				TARGETED_DEVICE_FAMILY = "1,2";
			};
			name = Debug;
		};
		7DCDBA7620B74C0B00305E15 /* Release */ = {
			isa = XCBuildConfiguration;
			buildSettings = {
				ASSETCATALOG_COMPILER_APPICON_NAME = AppIcon;
				CODE_SIGN_STYLE = Automatic;
				DEVELOPMENT_TEAM = W475WK642J;
				INFOPLIST_FILE = GetAnimals/Info.plist;
				LD_RUNPATH_SEARCH_PATHS = (
					"$(inherited)",
					"@executable_path/Frameworks",
				);
				PRODUCT_BUNDLE_IDENTIFIER = com.openSolution.ismpEnterprise;
				PRODUCT_NAME = "$(TARGET_NAME)";
				SWIFT_VERSION = 4.0;
				TARGETED_DEVICE_FAMILY = "1,2";
			};
			name = Release;
		};
/* End XCBuildConfiguration section */

/* Begin XCConfigurationList section */
		7DCDBA5D20B74C0A00305E15 /* Build configuration list for PBXProject "GetAnimals" */ = {
			isa = XCConfigurationList;
			buildConfigurations = (
				7DCDBA7220B74C0B00305E15 /* Debug */,
				7DCDBA7320B74C0B00305E15 /* Release */,
			);
			defaultConfigurationIsVisible = 0;
			defaultConfigurationName = Release;
		};
		7DCDBA7420B74C0B00305E15 /* Build configuration list for PBXNativeTarget "GetAnimals" */ = {
			isa = XCConfigurationList;
			buildConfigurations = (
				7DCDBA7520B74C0B00305E15 /* Debug */,
				7DCDBA7620B74C0B00305E15 /* Release */,
			);
			defaultConfigurationIsVisible = 0;
			defaultConfigurationName = Release;
		};
/* End XCConfigurationList section */
	};
	rootObject = 7DCDBA5A20B74C0A00305E15 /* Project object */;
}
